
Microsoft Visual Studio Solution File, Format Version 12.00
# Visual Studio Version 16
VisualStudioVersion = 16.0.29418.71
MinimumVisualStudioVersion = 10.0.40219.1
Project("{FAE04EC0-301F-11D3-BF4B-00C04F79EFBC}") = "Assignment-2-BackAccountManagement", "Assignment-2-BackAccountManagement\Assignment-2-BackAccountManagement.csproj", "{A1BF6D70-D80B-4D0D-B4D4-398CA5CF1706}"
EndProject
Global
	GlobalSection(SolutionConfigurationPlatforms) = preSolution
		Debug|Any CPU = Debug|Any CPU
		Release|Any CPU = Release|Any CPU
	EndGlobalSection
	GlobalSection(ProjectConfigurationPlatforms) = postSolution
		{A1BF6D70-D80B-4D0D-B4D4-398CA5CF1706}.Debug|Any CPU.ActiveCfg = Debug|Any CPU
		{A1BF6D70-D80B-4D0D-B4D4-398CA5CF1706}.Debug|Any CPU.Build.0 = Debug|Any CPU
		{A1BF6D70-D80B-4D0D-B4D4-398CA5CF1706}.Release|Any CPU.ActiveCfg = Release|Any CPU
		{A1BF6D70-D80B-4D0D-B4D4-398CA5CF1706}.Release|Any CPU.Build.0 = Release|Any CPU
	EndGlobalSection
	GlobalSection(SolutionProperties) = preSolution
		HideSolutionNode = FALSE
	EndGlobalSection
	GlobalSection(ExtensibilityGlobals) = postSolution
		SolutionGuid = {4C9DA1DE-D24F-4D67-B587-EAAC3C761C47}
	EndGlobalSection
EndGlobal
