
Microsoft Visual Studio Solution File, Format Version 12.00
# Visual Studio Version 16
VisualStudioVersion = 16.0.33920.266
MinimumVisualStudioVersion = 10.0.40219.1
Project("{FAE04EC0-301F-11D3-BF4B-00C04F79EFBC}") = "BlogAPI2", "BlogAPI2\BlogAPI2.csproj", "{28DFB8E6-9D45-49A2-A43F-CE0AE2602A9E}"
EndProject
Global
	GlobalSection(SolutionConfigurationPlatforms) = preSolution
		Debug|Any CPU = Debug|Any CPU
		Release|Any CPU = Release|Any CPU
	EndGlobalSection
	GlobalSection(ProjectConfigurationPlatforms) = postSolution
		{28DFB8E6-9D45-49A2-A43F-CE0AE2602A9E}.Debug|Any CPU.ActiveCfg = Debug|Any CPU
		{28DFB8E6-9D45-49A2-A43F-CE0AE2602A9E}.Debug|Any CPU.Build.0 = Debug|Any CPU
		{28DFB8E6-9D45-49A2-A43F-CE0AE2602A9E}.Release|Any CPU.ActiveCfg = Release|Any CPU
		{28DFB8E6-9D45-49A2-A43F-CE0AE2602A9E}.Release|Any CPU.Build.0 = Release|Any CPU
	EndGlobalSection
	GlobalSection(SolutionProperties) = preSolution
		HideSolutionNode = FALSE
	EndGlobalSection
	GlobalSection(ExtensibilityGlobals) = postSolution
		SolutionGuid = {F4A94335-7142-4BDA-AB29-03A67FCA1FFA}
	EndGlobalSection
EndGlobal
