
Microsoft Visual Studio Solution File, Format Version 12.00
# Visual Studio 2013
VisualStudioVersion = 12.0.31101.0
MinimumVisualStudioVersion = 10.0.40219.1
Project("{FAE04EC0-301F-11D3-BF4B-00C04F79EFBC}") = "Question-9", "Question-9\Question-9.csproj", "{424963C9-C299-4A8C-A357-D513B5FDA637}"
EndProject
Global
	GlobalSection(SolutionConfigurationPlatforms) = preSolution
		Debug|Any CPU = Debug|Any CPU
		Release|Any CPU = Release|Any CPU
	EndGlobalSection
	GlobalSection(ProjectConfigurationPlatforms) = postSolution
		{424963C9-C299-4A8C-A357-D513B5FDA637}.Debug|Any CPU.ActiveCfg = Debug|Any CPU
		{424963C9-C299-4A8C-A357-D513B5FDA637}.Debug|Any CPU.Build.0 = Debug|Any CPU
		{424963C9-C299-4A8C-A357-D513B5FDA637}.Release|Any CPU.ActiveCfg = Release|Any CPU
		{424963C9-C299-4A8C-A357-D513B5FDA637}.Release|Any CPU.Build.0 = Release|Any CPU
	EndGlobalSection
	GlobalSection(SolutionProperties) = preSolution
		HideSolutionNode = FALSE
	EndGlobalSection
EndGlobal
