
Microsoft Visual Studio Solution File, Format Version 12.00
# Visual Studio Version 16
VisualStudioVersion = 16.0.29418.71
MinimumVisualStudioVersion = 10.0.40219.1
Project("{FAE04EC0-301F-11D3-BF4B-00C04F79EFBC}") = "Assignment-2", "Assignment-2\Assignment-2.csproj", "{C98415DB-FC6E-44F9-9454-80A5873472EF}"
EndProject
Global
	GlobalSection(SolutionConfigurationPlatforms) = preSolution
		Debug|Any CPU = Debug|Any CPU
		Release|Any CPU = Release|Any CPU
	EndGlobalSection
	GlobalSection(ProjectConfigurationPlatforms) = postSolution
		{C98415DB-FC6E-44F9-9454-80A5873472EF}.Debug|Any CPU.ActiveCfg = Debug|Any CPU
		{C98415DB-FC6E-44F9-9454-80A5873472EF}.Debug|Any CPU.Build.0 = Debug|Any CPU
		{C98415DB-FC6E-44F9-9454-80A5873472EF}.Release|Any CPU.ActiveCfg = Release|Any CPU
		{C98415DB-FC6E-44F9-9454-80A5873472EF}.Release|Any CPU.Build.0 = Release|Any CPU
	EndGlobalSection
	GlobalSection(SolutionProperties) = preSolution
		HideSolutionNode = FALSE
	EndGlobalSection
	GlobalSection(ExtensibilityGlobals) = postSolution
		SolutionGuid = {14F443C2-FC06-457F-98F2-29A19D90E072}
	EndGlobalSection
EndGlobal
